
Microsoft Visual Studio Solution File, Format Version 12.00
# Visual Studio Version 17
VisualStudioVersion = 17.7.34031.279
MinimumVisualStudioVersion = 10.0.40219.1
Project("{9A19103F-16F7-4668-BE54-9A1E7A4F7556}") = "AdvanceSoftwearEngineering", "AdvanceSoftwearEngineering\AdvanceSoftwearEngineering.csproj", "{8A6A18BF-63CC-4EE2-9019-2C12363E5E0E}"
EndProject
Project("{FAE04EC0-301F-11D3-BF4B-00C04F79EFBC}") = "AdvanceSoftware", "AdvanceSoftware\AdvanceSoftware.csproj", "{157D686F-0272-4F92-A64C-F5FB6BDCEE8D}"
EndProject
Global
	GlobalSection(SolutionConfigurationPlatforms) = preSolution
		Debug|Any CPU = Debug|Any CPU
		Release|Any CPU = Release|Any CPU
	EndGlobalSection
	GlobalSection(ProjectConfigurationPlatforms) = postSolution
		{8A6A18BF-63CC-4EE2-9019-2C12363E5E0E}.Debug|Any CPU.ActiveCfg = Debug|Any CPU
		{8A6A18BF-63CC-4EE2-9019-2C12363E5E0E}.Debug|Any CPU.Build.0 = Debug|Any CPU
		{8A6A18BF-63CC-4EE2-9019-2C12363E5E0E}.Release|Any CPU.ActiveCfg = Release|Any CPU
		{8A6A18BF-63CC-4EE2-9019-2C12363E5E0E}.Release|Any CPU.Build.0 = Release|Any CPU
		{157D686F-0272-4F92-A64C-F5FB6BDCEE8D}.Debug|Any CPU.ActiveCfg = Debug|Any CPU
		{157D686F-0272-4F92-A64C-F5FB6BDCEE8D}.Debug|Any CPU.Build.0 = Debug|Any CPU
		{157D686F-0272-4F92-A64C-F5FB6BDCEE8D}.Release|Any CPU.ActiveCfg = Release|Any CPU
		{157D686F-0272-4F92-A64C-F5FB6BDCEE8D}.Release|Any CPU.Build.0 = Release|Any CPU
	EndGlobalSection
	GlobalSection(SolutionProperties) = preSolution
		HideSolutionNode = FALSE
	EndGlobalSection
	GlobalSection(ExtensibilityGlobals) = postSolution
		SolutionGuid = {82E6889D-7091-4974-823F-8C5002176BC2}
	EndGlobalSection
EndGlobal
